{
  "version": 4,
  "terraform_version": "1.0.11",
  "serial": 7,
  "lineage": "ed5e8489-f93a-8517-a4c0-33195a009ee7",
  "outputs": {},
  "resources": [
    {
      "mode": "managed",
      "type": "scaleway_instance_ip",
      "name": "public_ip",
      "provider": "provider[\"registry.terraform.io/scaleway/scaleway\"]",
      "instances": [
        {
          "schema_version": 0,
          "attributes": {
            "address": "51.15.209.207",
            "id": "fr-par-1/e16953f6-b52a-46c3-bee2-9857a5528e44",
            "organization_id": "785298d6-80d8-442d-9dda-1831e3bb5020",
            "project_id": "785298d6-80d8-442d-9dda-1831e3bb5020",
            "reverse": "",
            "server_id": "",
            "timeouts": null,
            "zone": "fr-par-1"
          },
          "sensitive_attributes": [],
          "private": "eyJlMmJmYjczMC1lY2FhLTExZTYtOGY4OC0zNDM2M2JjN2M0YzAiOnsiY3JlYXRlIjo2MDAwMDAwMDAwMCwiZGVmYXVsdCI6NjAwMDAwMDAwMDAsImRlbGV0ZSI6NjAwMDAwMDAwMDAsInJlYWQiOjYwMDAwMDAwMDAwLCJ1cGRhdGUiOjYwMDAwMDAwMDAwfX0="
        }
      ]
    },
    {
      "mode": "managed",
      "type": "scaleway_instance_server",
      "name": "web",
      "provider": "provider[\"registry.terraform.io/scaleway/scaleway\"]",
      "instances": [
        {
          "schema_version": 0,
          "attributes": {
            "additional_volume_ids": null,
            "boot_type": "local",
            "bootscript_id": "fdfe150f-a870-4ce4-b432-9f56b5b995c1",
            "cloud_init": null,
            "enable_dynamic_ip": false,
            "enable_ipv6": false,
            "id": "fr-par-1/b5412d01-a9e6-424f-aa8c-57677ac7ed05",
            "image": "ubuntu_focal",
            "ip_id": "fr-par-1/e16953f6-b52a-46c3-bee2-9857a5528e44",
            "ipv6_address": "",
            "ipv6_gateway": "",
            "ipv6_prefix_length": 0,
            "name": "tf-srv-zen-turing",
            "organization_id": "785298d6-80d8-442d-9dda-1831e3bb5020",
            "placement_group_id": null,
            "placement_group_policy_respected": null,
            "private_ip": "10.71.114.95",
            "project_id": "785298d6-80d8-442d-9dda-1831e3bb5020",
            "public_ip": "51.15.209.207",
            "root_volume": [
              {
                "delete_on_termination": true,
                "size_in_gb": 20,
                "volume_id": "fr-par-1/16e9d1ec-436b-42bc-a3b3-12ab5d1016de"
              }
            ],
            "security_group_id": "fr-par-1/56155f53-30df-4d70-aa0e-4753413fbf5d",
            "state": "started",
            "tags": null,
            "timeouts": null,
            "type": "DEV1-S",
            "user_data": null,
            "zone": "fr-par-1"
          },
          "sensitive_attributes": [],
          "private": "eyJlMmJmYjczMC1lY2FhLTExZTYtOGY4OC0zNDM2M2JjN2M0YzAiOnsiY3JlYXRlIjo2MDAwMDAwMDAwMDAsImRlZmF1bHQiOjYwMDAwMDAwMDAwMCwiZGVsZXRlIjo2MDAwMDAwMDAwMDAsInJlYWQiOjYwMDAwMDAwMDAwMCwidXBkYXRlIjo2MDAwMDAwMDAwMDB9fQ==",
          "dependencies": [
            "scaleway_instance_ip.public_ip"
          ]
        }
      ]
    },
    {
      "mode": "managed",
      "type": "scaleway_rdb_instance",
      "name": "main",
      "provider": "provider[\"registry.terraform.io/scaleway/scaleway\"]",
      "instances": [
        {
          "schema_version": 0,
          "attributes": {
            "certificate": "-----BEGIN CERTIFICATE-----\nMIID+zCCAuOgAwIBAgIUNQQ5LuzTmZokhbxHmzuUYuBdXjowDQYJKoZIhvcNAQEL\nBQAwgYcxCzAJBgNVBAYTAkZSMQ4wDAYDVQQIDAVQYXJpczEOMAwGA1UEBwwFUGFy\naXMxETAPBgNVBAoMCFNjYWxld2F5MUUwQwYDVQQDDDxydy1kNWNmZWFlNC00MWU4\nLTQ1ZDItYjdkNi0wMWE1ZDBhNzQ4MWIucmRiLmZyLXBhci5zY3cuY2xvdWQwHhcN\nMjExMTE2MTAyNDQ2WhcNMzExMTE0MTAyNDQ2WjCBhzELMAkGA1UEBhMCRlIxDjAM\nBgNVBAgMBVBhcmlzMQ4wDAYDVQQHDAVQYXJpczERMA8GA1UECgwIU2NhbGV3YXkx\nRTBDBgNVBAMMPHJ3LWQ1Y2ZlYWU0LTQxZTgtNDVkMi1iN2Q2LTAxYTVkMGE3NDgx\nYi5yZGIuZnItcGFyLnNjdy5jbG91ZDCCASIwDQYJKoZIhvcNAQEBBQADggEPADCC\nAQoCggEBALDRr8EXmudLBYPZRHDLpmyPGg7f0ZUL5+G7JoQCpsXlXUii/6Z/+xXR\nkd3EaDRJ7lsKk22k4Yj9UiiG6zbHn2dsLQcwKl6prSQNxJmenDtIgS1ngHSwoR3g\nIuCcDEh/ALP2FS1ZExgQN3iJrRZhYCl2b8PLkr2ilQNZtUbmX99e+CG9gmVG89H+\nnPjgx53U+NMUqyn11H7+8y6WTvHiWKjgKiADA92p4lRCk/iAC1CpEsY7R0KX57sD\n3KdY5UgyPUyTolVqUW/TvP9+K1MdYKoJFS3AAnwewSyEPvMoZtJ6fEoEo4soDg6K\nUSWb31QYXg+UYNXWJZ9fR2DdfwCF5p8CAwEAAaNdMFswWQYDVR0RBFIwUII8cnct\nZDVjZmVhZTQtNDFlOC00NWQyLWI3ZDYtMDFhNWQwYTc0ODFiLnJkYi5mci1wYXIu\nc2N3LmNsb3VkhwSjrLldhwQzD8tGhwQznwpsMA0GCSqGSIb3DQEBCwUAA4IBAQB5\n8eMtjDssL5KH+WJTXn32hcGMkzOQ/oZTCiqXz88dyK2Whu8tIsS3bKqR1ocND9TF\nzMx960hdLzZb/OhJ1xBpcH77XTlr+RAediMr4FXNhsqfjdgzUkDRRJ2jyXT9ylVQ\nF7BthrO6e2B8WHB6PsMsKdn0XNqIuLkkxwu4bAj7eZ8vVPHPMN7KMzLHSS0wc6H5\nd2lcEXsI6Bd4JmA7x68I/ZDJnSUbxxvZ4oRj39YKIKLAzYNuazLHRDu3FnaGxiZk\nzwYjego5cL/QTPnSIR/7siPbIFkMuXqBKuV/5HyEHdA5BFeEECJeK57/w2ga42Ys\nDmk3I46c0zZZMc9hMTXR\n-----END CERTIFICATE-----\n",
            "disable_backup": false,
            "endpoint_ip": "51.159.10.108",
            "endpoint_port": 4698,
            "engine": "PostgreSQL-12",
            "id": "fr-par/d5cfeae4-41e8-45d2-b7d6-01a5d0a7481b",
            "is_ha_cluster": true,
            "name": "devops-rdb",
            "node_type": "DB-DEV-S",
            "organization_id": "785298d6-80d8-442d-9dda-1831e3bb5020",
            "password": "",
            "project_id": "785298d6-80d8-442d-9dda-1831e3bb5020",
            "read_replicas": [],
            "region": "fr-par",
            "settings": {
              "effective_cache_size": "1300",
              "maintenance_work_mem": "150",
              "max_connections": "100",
              "max_parallel_workers": "0",
              "max_parallel_workers_per_gather": "0",
              "work_mem": "4"
            },
            "tags": [],
            "timeouts": null,
            "user_name": "",
            "volume_size_in_gb": 5,
            "volume_type": "lssd"
          },
          "sensitive_attributes": [],
          "private": "eyJlMmJmYjczMC1lY2FhLTExZTYtOGY4OC0zNDM2M2JjN2M0YzAiOnsiY3JlYXRlIjo5MDAwMDAwMDAwMDAsImRlZmF1bHQiOjkwMDAwMDAwMDAwMCwiZGVsZXRlIjo5MDAwMDAwMDAwMDAsInJlYWQiOjkwMDAwMDAwMDAwMCwidXBkYXRlIjo5MDAwMDAwMDAwMDB9fQ=="
        }
      ]
    }
  ]
}
