{
  "version": 4,
  "terraform_version": "1.0.11",
  "serial": 24,
  "lineage": "ed5e8489-f93a-8517-a4c0-33195a009ee7",
  "outputs": {},
  "resources": [
    {
      "mode": "managed",
      "type": "scaleway_instance_ip",
      "name": "public_ip",
      "provider": "provider[\"registry.terraform.io/scaleway/scaleway\"]",
      "instances": [
        {
          "schema_version": 0,
          "attributes": {
            "address": "51.15.209.207",
            "id": "fr-par-1/e16953f6-b52a-46c3-bee2-9857a5528e44",
            "organization_id": "785298d6-80d8-442d-9dda-1831e3bb5020",
            "project_id": "785298d6-80d8-442d-9dda-1831e3bb5020",
            "reverse": "",
            "server_id": "fr-par-1/a7723d8b-a1c0-4a95-b933-d8bb9c2a6f94",
            "timeouts": null,
            "zone": "fr-par-1"
          },
          "sensitive_attributes": [],
          "private": "eyJlMmJmYjczMC1lY2FhLTExZTYtOGY4OC0zNDM2M2JjN2M0YzAiOnsiY3JlYXRlIjo2MDAwMDAwMDAwMCwiZGVmYXVsdCI6NjAwMDAwMDAwMDAsImRlbGV0ZSI6NjAwMDAwMDAwMDAsInJlYWQiOjYwMDAwMDAwMDAwLCJ1cGRhdGUiOjYwMDAwMDAwMDAwfX0="
        }
      ]
    },
    {
      "mode": "managed",
      "type": "scaleway_instance_server",
      "name": "web",
      "provider": "provider[\"registry.terraform.io/scaleway/scaleway\"]",
      "instances": [
        {
          "schema_version": 0,
          "attributes": {
            "additional_volume_ids": [],
            "boot_type": "local",
            "bootscript_id": "fdfe150f-a870-4ce4-b432-9f56b5b995c1",
            "cloud_init": null,
            "enable_dynamic_ip": false,
            "enable_ipv6": false,
            "id": "fr-par-1/a7723d8b-a1c0-4a95-b933-d8bb9c2a6f94",
            "image": "ubuntu_focal",
            "ip_id": "fr-par-1/e16953f6-b52a-46c3-bee2-9857a5528e44",
            "ipv6_address": "",
            "ipv6_gateway": "",
            "ipv6_prefix_length": 0,
            "name": "tf-srv-loving-moser",
            "organization_id": "785298d6-80d8-442d-9dda-1831e3bb5020",
            "placement_group_id": null,
            "placement_group_policy_respected": null,
            "private_ip": "10.68.206.161",
            "project_id": "785298d6-80d8-442d-9dda-1831e3bb5020",
            "public_ip": "51.15.209.207",
            "root_volume": [
              {
                "delete_on_termination": true,
                "size_in_gb": 20,
                "volume_id": "fr-par-1/0eec1417-95da-4a9b-b8fa-32876d321b18"
              }
            ],
            "security_group_id": "fr-par-1/56155f53-30df-4d70-aa0e-4753413fbf5d",
            "state": "started",
            "tags": [],
            "timeouts": null,
            "type": "DEV1-S",
            "user_data": {
              "DATABASE_URI": "postgres://scaleway08@efrei-devops.com:Efrei!2021@51.15.209.207:9794/rdb"
            },
            "zone": "fr-par-1"
          },
          "sensitive_attributes": [],
          "private": "eyJlMmJmYjczMC1lY2FhLTExZTYtOGY4OC0zNDM2M2JjN2M0YzAiOnsiY3JlYXRlIjo2MDAwMDAwMDAwMDAsImRlZmF1bHQiOjYwMDAwMDAwMDAwMCwiZGVsZXRlIjo2MDAwMDAwMDAwMDAsInJlYWQiOjYwMDAwMDAwMDAwMCwidXBkYXRlIjo2MDAwMDAwMDAwMDB9fQ==",
          "dependencies": [
            "scaleway_instance_ip.public_ip"
          ]
        }
      ]
    },
    {
      "mode": "managed",
      "type": "scaleway_rdb_instance",
      "name": "main",
      "provider": "provider[\"registry.terraform.io/scaleway/scaleway\"]",
      "instances": [
        {
          "schema_version": 0,
          "attributes": {
            "certificate": "-----BEGIN CERTIFICATE-----\nMIID+zCCAuOgAwIBAgIUJnjZdmzD7tYS5rRQL17QGVTRhNcwDQYJKoZIhvcNAQEL\nBQAwgYcxCzAJBgNVBAYTAkZSMQ4wDAYDVQQIDAVQYXJpczEOMAwGA1UEBwwFUGFy\naXMxETAPBgNVBAoMCFNjYWxld2F5MUUwQwYDVQQDDDxydy02OGEwM2MxYy04ZDE2\nLTRjMGQtYmVhNy00NDNmZTM4MDFjZTMucmRiLmZyLXBhci5zY3cuY2xvdWQwHhcN\nMjExMTE2MTYwOTM2WhcNMzExMTE0MTYwOTM2WjCBhzELMAkGA1UEBhMCRlIxDjAM\nBgNVBAgMBVBhcmlzMQ4wDAYDVQQHDAVQYXJpczERMA8GA1UECgwIU2NhbGV3YXkx\nRTBDBgNVBAMMPHJ3LTY4YTAzYzFjLThkMTYtNGMwZC1iZWE3LTQ0M2ZlMzgwMWNl\nMy5yZGIuZnItcGFyLnNjdy5jbG91ZDCCASIwDQYJKoZIhvcNAQEBBQADggEPADCC\nAQoCggEBANPVRZC1/D3Z/WdtcsAdNTJGXzK01FVhJotHpRf9APnj44O81sTjYxl1\nhKIrrREuMnUUBeN+yl38uafjmkWn4FXGZwHeE+kGS7naPQdZVQbjRUHw8dNBKYjy\nUYaWz68cu//ZDBaKflXNE7G7Zrbg8ieDXJYvq5Kt1tD8FvJqNUIyNz8AtzeejwKN\nqZumHRdMs/cc7l5yj0tzYyIf7A2arh/iCgv9ix0yFx1fnctnAKmPIIPCj6Ot7sd/\nrB1z+txD0iSjqko+EhW3tVPAgVQtpsDhdkFjoifh9/JOqecTTbWjD6LV/JxACP6C\neVwEsrShZ+it4skXvP2SH4ARHgs1bYMCAwEAAaNdMFswWQYDVR0RBFIwUII8cnct\nNjhhMDNjMWMtOGQxNi00YzBkLWJlYTctNDQzZmUzODAxY2UzLnJkYi5mci1wYXIu\nc2N3LmNsb3VkhwSjrKuuhwTUL/EEhwTDmkY3MA0GCSqGSIb3DQEBCwUAA4IBAQB8\nqqE9V2vW7EmymTs21TSJMA6DgotgPTxcrVdNBQew/w1mZulswiubosKXitWdZnb4\n4fODPtU1H1AQGga2kScvAbv9nAUI7T7vDD1yfgoBeU4TZq9eRVb6+5ARbwa01iCG\nzNzde6UHfnrCLDWsWaY7FLSYWK+9L8Hn74qKAxD5N4sC/l1kr9jNsxxYVtsPAsic\nshj/sCPxlL1Wq8wZbCvCuBCpdm2Ztqsadqx0UKbhR5YU5ds3k8y8ctjvU2Dy4RrT\niERMZ+lahOVJp45DcUlwBZlFmqJfw9Dw2GLGWpKiy+9LsfXs1kHq0M6QowLtT9sK\nYmbueWPX+7gOAds7NJgk\n-----END CERTIFICATE-----\n",
            "disable_backup": false,
            "endpoint_ip": "195.154.70.55",
            "endpoint_port": 9794,
            "engine": "PostgreSQL-12",
            "id": "fr-par/68a03c1c-8d16-4c0d-bea7-443fe3801ce3",
            "is_ha_cluster": true,
            "name": "devops-rdb",
            "node_type": "db-dev-s",
            "organization_id": "785298d6-80d8-442d-9dda-1831e3bb5020",
            "password": "",
            "project_id": "785298d6-80d8-442d-9dda-1831e3bb5020",
            "read_replicas": [],
            "region": "fr-par",
            "settings": {
              "effective_cache_size": "1300",
              "maintenance_work_mem": "150",
              "max_connections": "100",
              "max_parallel_workers": "0",
              "max_parallel_workers_per_gather": "0",
              "work_mem": "4"
            },
            "tags": [],
            "timeouts": null,
            "user_name": "",
            "volume_size_in_gb": 5,
            "volume_type": "lssd"
          },
          "sensitive_attributes": [],
          "private": "eyJlMmJmYjczMC1lY2FhLTExZTYtOGY4OC0zNDM2M2JjN2M0YzAiOnsiY3JlYXRlIjo5MDAwMDAwMDAwMDAsImRlZmF1bHQiOjkwMDAwMDAwMDAwMCwiZGVsZXRlIjo5MDAwMDAwMDAwMDAsInJlYWQiOjkwMDAwMDAwMDAwMCwidXBkYXRlIjo5MDAwMDAwMDAwMDB9fQ=="
        }
      ]
    }
  ]
}
