{
  "version": 4,
  "terraform_version": "1.0.11",
  "serial": 71,
  "lineage": "ed5e8489-f93a-8517-a4c0-33195a009ee7",
  "outputs": {},
  "resources": [
    {
      "mode": "managed",
      "type": "scaleway_instance_ip",
      "name": "public_ip",
      "provider": "provider[\"registry.terraform.io/scaleway/scaleway\"]",
      "instances": [
        {
          "index_key": 0,
          "schema_version": 0,
          "attributes": {
            "address": "51.15.209.207",
            "id": "fr-par-1/e16953f6-b52a-46c3-bee2-9857a5528e44",
            "organization_id": "785298d6-80d8-442d-9dda-1831e3bb5020",
            "project_id": "785298d6-80d8-442d-9dda-1831e3bb5020",
            "reverse": "",
            "server_id": "fr-par-1/195a344d-4876-4a37-9a5a-c587454d222f",
            "timeouts": null,
            "zone": "fr-par-1"
          },
          "sensitive_attributes": [],
          "private": "eyJlMmJmYjczMC1lY2FhLTExZTYtOGY4OC0zNDM2M2JjN2M0YzAiOnsiY3JlYXRlIjo2MDAwMDAwMDAwMCwiZGVmYXVsdCI6NjAwMDAwMDAwMDAsImRlbGV0ZSI6NjAwMDAwMDAwMDAsInJlYWQiOjYwMDAwMDAwMDAwLCJ1cGRhdGUiOjYwMDAwMDAwMDAwfX0="
        },
        {
          "index_key": 1,
          "schema_version": 0,
          "attributes": {
            "address": "51.158.119.132",
            "id": "fr-par-1/c25d4857-7113-4cf1-9413-513570e20cbf",
            "organization_id": "785298d6-80d8-442d-9dda-1831e3bb5020",
            "project_id": "785298d6-80d8-442d-9dda-1831e3bb5020",
            "reverse": "",
            "server_id": "fr-par-1/b7e941f1-c2cb-4638-8802-badda93234ed",
            "timeouts": null,
            "zone": "fr-par-1"
          },
          "sensitive_attributes": [],
          "private": "eyJlMmJmYjczMC1lY2FhLTExZTYtOGY4OC0zNDM2M2JjN2M0YzAiOnsiY3JlYXRlIjo2MDAwMDAwMDAwMCwiZGVmYXVsdCI6NjAwMDAwMDAwMDAsImRlbGV0ZSI6NjAwMDAwMDAwMDAsInJlYWQiOjYwMDAwMDAwMDAwLCJ1cGRhdGUiOjYwMDAwMDAwMDAwfX0="
        }
      ]
    },
    {
      "mode": "managed",
      "type": "scaleway_instance_server",
      "name": "web",
      "provider": "provider[\"registry.terraform.io/scaleway/scaleway\"]",
      "instances": [
        {
          "index_key": 0,
          "schema_version": 0,
          "attributes": {
            "additional_volume_ids": [],
            "boot_type": "local",
            "bootscript_id": "fdfe150f-a870-4ce4-b432-9f56b5b995c1",
            "cloud_init": null,
            "enable_dynamic_ip": false,
            "enable_ipv6": false,
            "id": "fr-par-1/195a344d-4876-4a37-9a5a-c587454d222f",
            "image": "ubuntu_focal",
            "ip_id": "fr-par-1/e16953f6-b52a-46c3-bee2-9857a5528e44",
            "ipv6_address": "",
            "ipv6_gateway": "",
            "ipv6_prefix_length": 0,
            "name": "tf-srv-epic-proskuriakova",
            "organization_id": "785298d6-80d8-442d-9dda-1831e3bb5020",
            "placement_group_id": null,
            "placement_group_policy_respected": null,
            "private_ip": "10.70.104.53",
            "project_id": "785298d6-80d8-442d-9dda-1831e3bb5020",
            "public_ip": "51.15.209.207",
            "root_volume": [
              {
                "delete_on_termination": true,
                "size_in_gb": 20,
                "volume_id": "fr-par-1/aa2e7a49-1768-454a-a2a0-b5d8a21a240d"
              }
            ],
            "security_group_id": "fr-par-1/56155f53-30df-4d70-aa0e-4753413fbf5d",
            "state": "started",
            "tags": [],
            "timeouts": null,
            "type": "DEV1-S",
            "user_data": {
              "DATABASE_URI": "postgres://TotoToto50:PAssWord;50@51.159.10.108:41352/rdb"
            },
            "zone": "fr-par-1"
          },
          "sensitive_attributes": [
            [
              {
                "type": "get_attr",
                "value": "user_data"
              },
              {
                "type": "index",
                "value": {
                  "value": "DATABASE_URI",
                  "type": "string"
                }
              }
            ]
          ],
          "private": "eyJlMmJmYjczMC1lY2FhLTExZTYtOGY4OC0zNDM2M2JjN2M0YzAiOnsiY3JlYXRlIjo2MDAwMDAwMDAwMDAsImRlZmF1bHQiOjYwMDAwMDAwMDAwMCwiZGVsZXRlIjo2MDAwMDAwMDAwMDAsInJlYWQiOjYwMDAwMDAwMDAwMCwidXBkYXRlIjo2MDAwMDAwMDAwMDB9fQ==",
          "dependencies": [
            "scaleway_instance_ip.public_ip",
            "scaleway_rdb_instance.main"
          ]
        },
        {
          "index_key": 1,
          "schema_version": 0,
          "attributes": {
            "additional_volume_ids": [],
            "boot_type": "local",
            "bootscript_id": "fdfe150f-a870-4ce4-b432-9f56b5b995c1",
            "cloud_init": null,
            "enable_dynamic_ip": false,
            "enable_ipv6": false,
            "id": "fr-par-1/b7e941f1-c2cb-4638-8802-badda93234ed",
            "image": "ubuntu_focal",
            "ip_id": "fr-par-1/c25d4857-7113-4cf1-9413-513570e20cbf",
            "ipv6_address": "",
            "ipv6_gateway": "",
            "ipv6_prefix_length": 0,
            "name": "tf-srv-blissful-antonelli",
            "organization_id": "785298d6-80d8-442d-9dda-1831e3bb5020",
            "placement_group_id": null,
            "placement_group_policy_respected": null,
            "private_ip": "10.68.164.161",
            "project_id": "785298d6-80d8-442d-9dda-1831e3bb5020",
            "public_ip": "51.158.119.132",
            "root_volume": [
              {
                "delete_on_termination": true,
                "size_in_gb": 20,
                "volume_id": "fr-par-1/c78d5877-d96d-41b9-b43a-fa8df6e15c0c"
              }
            ],
            "security_group_id": "fr-par-1/56155f53-30df-4d70-aa0e-4753413fbf5d",
            "state": "started",
            "tags": [],
            "timeouts": null,
            "type": "DEV1-S",
            "user_data": {
              "DATABASE_URI": "postgres://TotoToto50:PAssWord;50@51.159.10.108:41352/rdb"
            },
            "zone": "fr-par-1"
          },
          "sensitive_attributes": [
            [
              {
                "type": "get_attr",
                "value": "user_data"
              },
              {
                "type": "index",
                "value": {
                  "value": "DATABASE_URI",
                  "type": "string"
                }
              }
            ]
          ],
          "private": "eyJlMmJmYjczMC1lY2FhLTExZTYtOGY4OC0zNDM2M2JjN2M0YzAiOnsiY3JlYXRlIjo2MDAwMDAwMDAwMDAsImRlZmF1bHQiOjYwMDAwMDAwMDAwMCwiZGVsZXRlIjo2MDAwMDAwMDAwMDAsInJlYWQiOjYwMDAwMDAwMDAwMCwidXBkYXRlIjo2MDAwMDAwMDAwMDB9fQ==",
          "dependencies": [
            "scaleway_instance_ip.public_ip",
            "scaleway_rdb_instance.main"
          ]
        }
      ]
    },
    {
      "mode": "managed",
      "type": "scaleway_lb",
      "name": "base",
      "provider": "provider[\"registry.terraform.io/scaleway/scaleway\"]",
      "instances": [
        {
          "schema_version": 1,
          "attributes": {
            "id": "fr-par-1/e0ea937b-4657-4717-9318-e4b635bf5f8f",
            "ip_address": "51.159.8.255",
            "ip_id": "fr-par-1/ba382544-29c9-4422-a1fe-b553c168bb72",
            "name": "tf-lb-silly-keldysh",
            "organization_id": "785298d6-80d8-442d-9dda-1831e3bb5020",
            "project_id": "785298d6-80d8-442d-9dda-1831e3bb5020",
            "region": "fr-par",
            "tags": [],
            "timeouts": null,
            "type": "LB-S",
            "zone": "fr-par-1"
          },
          "sensitive_attributes": [],
          "private": "eyJlMmJmYjczMC1lY2FhLTExZTYtOGY4OC0zNDM2M2JjN2M0YzAiOnsiY3JlYXRlIjo2MDAwMDAwMDAwMDAsImRlZmF1bHQiOjYwMDAwMDAwMDAwMCwiZGVsZXRlIjo2MDAwMDAwMDAwMDAsInJlYWQiOjYwMDAwMDAwMDAwMCwidXBkYXRlIjo2MDAwMDAwMDAwMDB9LCJzY2hlbWFfdmVyc2lvbiI6IjEifQ==",
          "dependencies": [
            "scaleway_lb_ip.ip"
          ]
        }
      ]
    },
    {
      "mode": "managed",
      "type": "scaleway_lb_backend",
      "name": "backend01",
      "provider": "provider[\"registry.terraform.io/scaleway/scaleway\"]",
      "instances": [
        {
          "schema_version": 1,
          "attributes": {
            "forward_port": 80,
            "forward_port_algorithm": "roundrobin",
            "forward_protocol": "http",
            "health_check_delay": "1m0s",
            "health_check_http": [],
            "health_check_https": [],
            "health_check_max_retries": 2,
            "health_check_port": 80,
            "health_check_tcp": [
              {}
            ],
            "health_check_timeout": "30s",
            "id": "fr-par-1/818ca49a-af99-45c2-b9f5-3183e5da6db9",
            "lb_id": "fr-par-1/e0ea937b-4657-4717-9318-e4b635bf5f8f",
            "name": "backend01",
            "on_marked_down_action": "none",
            "proxy_protocol": "none",
            "send_proxy_v2": false,
            "server_ips": [],
            "sticky_sessions": "none",
            "sticky_sessions_cookie_name": "",
            "timeout_connect": "",
            "timeout_server": "",
            "timeout_tunnel": "",
            "timeouts": null
          },
          "sensitive_attributes": [],
          "private": "eyJlMmJmYjczMC1lY2FhLTExZTYtOGY4OC0zNDM2M2JjN2M0YzAiOnsiY3JlYXRlIjo2MDAwMDAwMDAwMDAsImRlZmF1bHQiOjYwMDAwMDAwMDAwMCwiZGVsZXRlIjo2MDAwMDAwMDAwMDAsInJlYWQiOjYwMDAwMDAwMDAwMCwidXBkYXRlIjo2MDAwMDAwMDAwMDB9LCJzY2hlbWFfdmVyc2lvbiI6IjEifQ==",
          "dependencies": [
            "scaleway_lb.base",
            "scaleway_lb_ip.ip"
          ]
        }
      ]
    },
    {
      "mode": "managed",
      "type": "scaleway_lb_frontend",
      "name": "frontend01",
      "provider": "provider[\"registry.terraform.io/scaleway/scaleway\"]",
      "instances": [
        {
          "schema_version": 1,
          "attributes": {
            "acl": [],
            "backend_id": "fr-par-1/818ca49a-af99-45c2-b9f5-3183e5da6db9",
            "certificate_id": "",
            "id": "fr-par-1/5745ea41-249b-4875-89a1-066e9aabaa94",
            "inbound_port": 80,
            "lb_id": "fr-par-1/e0ea937b-4657-4717-9318-e4b635bf5f8f",
            "name": "frontend01",
            "timeout_client": "",
            "timeouts": null
          },
          "sensitive_attributes": [],
          "private": "eyJlMmJmYjczMC1lY2FhLTExZTYtOGY4OC0zNDM2M2JjN2M0YzAiOnsiY3JlYXRlIjo2MDAwMDAwMDAwMDAsImRlZmF1bHQiOjYwMDAwMDAwMDAwMCwiZGVsZXRlIjo2MDAwMDAwMDAwMDAsInJlYWQiOjYwMDAwMDAwMDAwMCwidXBkYXRlIjo2MDAwMDAwMDAwMDB9LCJzY2hlbWFfdmVyc2lvbiI6IjEifQ==",
          "dependencies": [
            "scaleway_lb.base",
            "scaleway_lb_backend.backend01",
            "scaleway_lb_ip.ip"
          ]
        }
      ]
    },
    {
      "mode": "managed",
      "type": "scaleway_lb_ip",
      "name": "ip",
      "provider": "provider[\"registry.terraform.io/scaleway/scaleway\"]",
      "instances": [
        {
          "schema_version": 1,
          "attributes": {
            "id": "fr-par-1/ba382544-29c9-4422-a1fe-b553c168bb72",
            "ip_address": "51.159.8.255",
            "lb_id": "e0ea937b-4657-4717-9318-e4b635bf5f8f",
            "organization_id": "785298d6-80d8-442d-9dda-1831e3bb5020",
            "project_id": "785298d6-80d8-442d-9dda-1831e3bb5020",
            "region": "fr-par",
            "reverse": "51-159-8-255.lb.fr-par.scw.cloud",
            "timeouts": null,
            "zone": "fr-par-1"
          },
          "sensitive_attributes": [],
          "private": "eyJlMmJmYjczMC1lY2FhLTExZTYtOGY4OC0zNDM2M2JjN2M0YzAiOnsiY3JlYXRlIjo2MDAwMDAwMDAwMDAsImRlZmF1bHQiOjYwMDAwMDAwMDAwMCwiZGVsZXRlIjo2MDAwMDAwMDAwMDAsInJlYWQiOjYwMDAwMDAwMDAwMCwidXBkYXRlIjo2MDAwMDAwMDAwMDB9LCJzY2hlbWFfdmVyc2lvbiI6IjEifQ=="
        }
      ]
    },
    {
      "mode": "managed",
      "type": "scaleway_rdb_instance",
      "name": "main",
      "provider": "provider[\"registry.terraform.io/scaleway/scaleway\"]",
      "instances": [
        {
          "schema_version": 0,
          "attributes": {
            "certificate": "-----BEGIN CERTIFICATE-----\nMIID+zCCAuOgAwIBAgIUd3lhWLVPEqcdRJeJJ3WYvatrSPQwDQYJKoZIhvcNAQEL\nBQAwgYcxCzAJBgNVBAYTAkZSMQ4wDAYDVQQIDAVQYXJpczEOMAwGA1UEBwwFUGFy\naXMxETAPBgNVBAoMCFNjYWxld2F5MUUwQwYDVQQDDDxydy0wNWIxOTM0Ni0yOWQ5\nLTQ5OGUtODJiMy05MTdjMTg5NmJjOWMucmRiLmZyLXBhci5zY3cuY2xvdWQwHhcN\nMjExMTE3MDgyMTU4WhcNMzExMTE1MDgyMTU4WjCBhzELMAkGA1UEBhMCRlIxDjAM\nBgNVBAgMBVBhcmlzMQ4wDAYDVQQHDAVQYXJpczERMA8GA1UECgwIU2NhbGV3YXkx\nRTBDBgNVBAMMPHJ3LTA1YjE5MzQ2LTI5ZDktNDk4ZS04MmIzLTkxN2MxODk2YmM5\nYy5yZGIuZnItcGFyLnNjdy5jbG91ZDCCASIwDQYJKoZIhvcNAQEBBQADggEPADCC\nAQoCggEBAJVSHYBHZtpb+vb6+t+p6+0bHenUZx6k9JNOTystLJQAS2QMRq2/5Tha\nsGRxmcHXtg442UF57644JyWCZEj5Y6zIa3zHyvTbh4ORL1N7tIEQlWpPDxUdhMgb\nJhnj6J33N1Jb6TSWWYDmhzafa7OEXfsO57Fjq6J0WEqats8DVbTuP7CsIg1Jkt4E\nJpltofcqSP/aMLyMbeFX7T2190pVHBOtHiMwhnMRyxo+WnhG2tE5aqb5RcLd5Hqy\n3BrVe+3zcveFDag1UmXf2MuZELKZVvbRsbjifVPHhXYIS1mpaNX/X2X1lHW4IJzb\nAMwyw9xl+VKqIf+tB/589wtHVU5rfvkCAwEAAaNdMFswWQYDVR0RBFIwUII8cnct\nMDViMTkzNDYtMjlkOS00OThlLTgyYjMtOTE3YzE4OTZiYzljLnJkYi5mci1wYXIu\nc2N3LmNsb3VkhwTUL+2khwQzD+xIhwQznwpsMA0GCSqGSIb3DQEBCwUAA4IBAQAs\n0rZpKoqCsbutdNI59fvRlY126nUEiZXF7TUCFfhVWqaaPx1nk4oUtz7YPf00b6+T\nhOVXvv6AJamuotFevj3q38EYo5Fo4+Q24dp7FKPKxmjGhI73Wir3isckqQeay/xG\nKACT7f3SOr9asqgpZ8cwN1kMYpHZg81b1T0im7uZMqU9TrfagXvXudLp4mp8nNMe\n3si/fR9VztXYdElJrDDmQ+qYuPrR7uc6bVupRUnKLPqvRzySuopoqFwhs/DyYF41\nWkerh2pxtLd+299yJNrz3Z/kWWlU8EQxS6ZYvQFVGecVaQMzzRTO+/yd/gHdM3fl\ne9S5lgKLbdKgzj+S/6hJ\n-----END CERTIFICATE-----\n",
            "disable_backup": false,
            "endpoint_ip": "51.159.10.108",
            "endpoint_port": 41352,
            "engine": "PostgreSQL-12",
            "id": "fr-par/05b19346-29d9-498e-82b3-917c1896bc9c",
            "is_ha_cluster": true,
            "name": "devops-rdb",
            "node_type": "db-dev-s",
            "organization_id": "785298d6-80d8-442d-9dda-1831e3bb5020",
            "password": "PAssWord;50",
            "project_id": "785298d6-80d8-442d-9dda-1831e3bb5020",
            "read_replicas": [],
            "region": "fr-par",
            "settings": {
              "effective_cache_size": "1300",
              "maintenance_work_mem": "150",
              "max_connections": "100",
              "max_parallel_workers": "0",
              "max_parallel_workers_per_gather": "0",
              "work_mem": "4"
            },
            "tags": [],
            "timeouts": null,
            "user_name": "TotoToto50",
            "volume_size_in_gb": 5,
            "volume_type": "lssd"
          },
          "sensitive_attributes": [],
          "private": "eyJlMmJmYjczMC1lY2FhLTExZTYtOGY4OC0zNDM2M2JjN2M0YzAiOnsiY3JlYXRlIjo5MDAwMDAwMDAwMDAsImRlZmF1bHQiOjkwMDAwMDAwMDAwMCwiZGVsZXRlIjo5MDAwMDAwMDAwMDAsInJlYWQiOjkwMDAwMDAwMDAwMCwidXBkYXRlIjo5MDAwMDAwMDAwMDB9fQ=="
        }
      ]
    }
  ]
}
