{
  "version": 4,
  "terraform_version": "1.0.11",
  "serial": 20,
  "lineage": "ed5e8489-f93a-8517-a4c0-33195a009ee7",
  "outputs": {},
  "resources": [
    {
      "mode": "managed",
      "type": "scaleway_instance_ip",
      "name": "public_ip",
      "provider": "provider[\"registry.terraform.io/scaleway/scaleway\"]",
      "instances": [
        {
          "schema_version": 0,
          "attributes": {
            "address": "51.15.209.207",
            "id": "fr-par-1/e16953f6-b52a-46c3-bee2-9857a5528e44",
            "organization_id": "785298d6-80d8-442d-9dda-1831e3bb5020",
            "project_id": "785298d6-80d8-442d-9dda-1831e3bb5020",
            "reverse": "",
            "server_id": "fr-par-1/a7723d8b-a1c0-4a95-b933-d8bb9c2a6f94",
            "timeouts": null,
            "zone": "fr-par-1"
          },
          "sensitive_attributes": [],
          "private": "eyJlMmJmYjczMC1lY2FhLTExZTYtOGY4OC0zNDM2M2JjN2M0YzAiOnsiY3JlYXRlIjo2MDAwMDAwMDAwMCwiZGVmYXVsdCI6NjAwMDAwMDAwMDAsImRlbGV0ZSI6NjAwMDAwMDAwMDAsInJlYWQiOjYwMDAwMDAwMDAwLCJ1cGRhdGUiOjYwMDAwMDAwMDAwfX0="
        }
      ]
    },
    {
      "mode": "managed",
      "type": "scaleway_instance_server",
      "name": "web",
      "provider": "provider[\"registry.terraform.io/scaleway/scaleway\"]",
      "instances": [
        {
          "schema_version": 0,
          "attributes": {
            "additional_volume_ids": [],
            "boot_type": "local",
            "bootscript_id": "fdfe150f-a870-4ce4-b432-9f56b5b995c1",
            "cloud_init": null,
            "enable_dynamic_ip": false,
            "enable_ipv6": false,
            "id": "fr-par-1/a7723d8b-a1c0-4a95-b933-d8bb9c2a6f94",
            "image": "ubuntu_focal",
            "ip_id": "fr-par-1/e16953f6-b52a-46c3-bee2-9857a5528e44",
            "ipv6_address": "",
            "ipv6_gateway": "",
            "ipv6_prefix_length": 0,
            "name": "tf-srv-loving-moser",
            "organization_id": "785298d6-80d8-442d-9dda-1831e3bb5020",
            "placement_group_id": null,
            "placement_group_policy_respected": null,
            "private_ip": "10.68.206.161",
            "project_id": "785298d6-80d8-442d-9dda-1831e3bb5020",
            "public_ip": "51.15.209.207",
            "root_volume": [
              {
                "delete_on_termination": true,
                "size_in_gb": 20,
                "volume_id": "fr-par-1/0eec1417-95da-4a9b-b8fa-32876d321b18"
              }
            ],
            "security_group_id": "fr-par-1/56155f53-30df-4d70-aa0e-4753413fbf5d",
            "state": "started",
            "tags": [],
            "timeouts": null,
            "type": "DEV1-S",
            "user_data": {
              "DATABASE_URI": "postgres://scaleway08@efrei-devops.com:Efrei!2021@51.159.10.108:4698/rdb"
            },
            "zone": "fr-par-1"
          },
          "sensitive_attributes": [],
          "private": "eyJlMmJmYjczMC1lY2FhLTExZTYtOGY4OC0zNDM2M2JjN2M0YzAiOnsiY3JlYXRlIjo2MDAwMDAwMDAwMDAsImRlZmF1bHQiOjYwMDAwMDAwMDAwMCwiZGVsZXRlIjo2MDAwMDAwMDAwMDAsInJlYWQiOjYwMDAwMDAwMDAwMCwidXBkYXRlIjo2MDAwMDAwMDAwMDB9fQ==",
          "dependencies": [
            "scaleway_instance_ip.public_ip",
            "scaleway_rdb_instance.main"
          ]
        }
      ]
    }
  ]
}
